
Microsoft Visual Studio Solution File, Format Version 12.00
# Visual Studio Version 17
VisualStudioVersion = 17.4.33403.182
MinimumVisualStudioVersion = 10.0.40219.1
Project("{FAE04EC0-301F-11D3-BF4B-00C04F79EFBC}") = "PizzaSessionDemo", "PizzaSessionDemo\PizzaSessionDemo.csproj", "{AD08A5F3-23E2-4078-969E-D056EF99F074}"
EndProject
Global
	GlobalSection(SolutionConfigurationPlatforms) = preSolution
		Debug|Any CPU = Debug|Any CPU
		Release|Any CPU = Release|Any CPU
	EndGlobalSection
	GlobalSection(ProjectConfigurationPlatforms) = postSolution
		{AD08A5F3-23E2-4078-969E-D056EF99F074}.Debug|Any CPU.ActiveCfg = Debug|Any CPU
		{AD08A5F3-23E2-4078-969E-D056EF99F074}.Debug|Any CPU.Build.0 = Debug|Any CPU
		{AD08A5F3-23E2-4078-969E-D056EF99F074}.Release|Any CPU.ActiveCfg = Release|Any CPU
		{AD08A5F3-23E2-4078-969E-D056EF99F074}.Release|Any CPU.Build.0 = Release|Any CPU
	EndGlobalSection
	GlobalSection(SolutionProperties) = preSolution
		HideSolutionNode = FALSE
	EndGlobalSection
	GlobalSection(ExtensibilityGlobals) = postSolution
		SolutionGuid = {CF3798AE-AFAE-4F97-AEE3-971E687FAF6E}
	EndGlobalSection
EndGlobal
